
Microsoft Visual Studio Solution File, Format Version 12.00
# Visual Studio Version 17
VisualStudioVersion = 17.10.35027.167
MinimumVisualStudioVersion = 10.0.40219.1
Project("{9A19103F-16F7-4668-BE54-9A1E7A4F7556}") = "ConsoleApp", "ConsoleApp\ConsoleApp.csproj", "{5D3DBADD-DDCA-4222-B35B-1AF3BEAF9A8C}"
EndProject
Project("{FAE04EC0-301F-11D3-BF4B-00C04F79EFBC}") = "PuzzleGenerator.nUnitTests", "PuzzleGenerator.nUnitTests\PuzzleGenerator.nUnitTests.csproj", "{28490BB1-DECE-46DC-8760-026723448B73}"
EndProject
Global
	GlobalSection(SolutionConfigurationPlatforms) = preSolution
		Debug|Any CPU = Debug|Any CPU
		Release|Any CPU = Release|Any CPU
	EndGlobalSection
	GlobalSection(ProjectConfigurationPlatforms) = postSolution
		{5D3DBADD-DDCA-4222-B35B-1AF3BEAF9A8C}.Debug|Any CPU.ActiveCfg = Debug|Any CPU
		{5D3DBADD-DDCA-4222-B35B-1AF3BEAF9A8C}.Debug|Any CPU.Build.0 = Debug|Any CPU
		{5D3DBADD-DDCA-4222-B35B-1AF3BEAF9A8C}.Release|Any CPU.ActiveCfg = Release|Any CPU
		{5D3DBADD-DDCA-4222-B35B-1AF3BEAF9A8C}.Release|Any CPU.Build.0 = Release|Any CPU
		{28490BB1-DECE-46DC-8760-026723448B73}.Debug|Any CPU.ActiveCfg = Debug|Any CPU
		{28490BB1-DECE-46DC-8760-026723448B73}.Debug|Any CPU.Build.0 = Debug|Any CPU
		{28490BB1-DECE-46DC-8760-026723448B73}.Release|Any CPU.ActiveCfg = Release|Any CPU
		{28490BB1-DECE-46DC-8760-026723448B73}.Release|Any CPU.Build.0 = Release|Any CPU
	EndGlobalSection
	GlobalSection(SolutionProperties) = preSolution
		HideSolutionNode = FALSE
	EndGlobalSection
	GlobalSection(ExtensibilityGlobals) = postSolution
		SolutionGuid = {ECD4369B-E32C-406F-9207-C5CCD59E1792}
	EndGlobalSection
EndGlobal
