
Microsoft Visual Studio Solution File, Format Version 12.00
# Visual Studio 15
VisualStudioVersion = 15.0.28010.2048
MinimumVisualStudioVersion = 10.0.40219.1
Project("{FAE04EC0-301F-11D3-BF4B-00C04F79EFBC}") = "ConsoleApp1", "ConsoleApp1\ConsoleApp1.csproj", "{A3381343-C04D-4295-A86C-62AEF7C2090B}"
EndProject
Global
	GlobalSection(SolutionConfigurationPlatforms) = preSolution
		Debug|Any CPU = Debug|Any CPU
		Release|Any CPU = Release|Any CPU
	EndGlobalSection
	GlobalSection(ProjectConfigurationPlatforms) = postSolution
		{A3381343-C04D-4295-A86C-62AEF7C2090B}.Debug|Any CPU.ActiveCfg = Debug|Any CPU
		{A3381343-C04D-4295-A86C-62AEF7C2090B}.Debug|Any CPU.Build.0 = Debug|Any CPU
		{A3381343-C04D-4295-A86C-62AEF7C2090B}.Release|Any CPU.ActiveCfg = Release|Any CPU
		{A3381343-C04D-4295-A86C-62AEF7C2090B}.Release|Any CPU.Build.0 = Release|Any CPU
	EndGlobalSection
	GlobalSection(SolutionProperties) = preSolution
		HideSolutionNode = FALSE
	EndGlobalSection
	GlobalSection(ExtensibilityGlobals) = postSolution
		SolutionGuid = {08C31490-5294-447F-A6C7-03E274FEE147}
	EndGlobalSection
EndGlobal
